// !$*UTF8*$!
{
	archiveVersion = 1;
	classes = {
	};
	objectVersion = 51;
	objects = {

/* Begin PBXBuildFile section */
		387F415B24774B4000A8AA94 /* AppDelegate.swift in Sources */ = {isa = PBXBuildFile; fileRef = 387F415A24774B4000A8AA94 /* AppDelegate.swift */; };
		387F415D24774B4000A8AA94 /* SceneDelegate.swift in Sources */ = {isa = PBXBuildFile; fileRef = 387F415C24774B4000A8AA94 /* SceneDelegate.swift */; };
		387F415F24774B4000A8AA94 /* ViewController.swift in Sources */ = {isa = PBXBuildFile; fileRef = 387F415E24774B4000A8AA94 /* ViewController.swift */; };
		387F416224774B4100A8AA94 /* Main.storyboard in Resources */ = {isa = PBXBuildFile; fileRef = 387F416024774B4100A8AA94 /* Main.storyboard */; };
		387F416424774B8700A8AA94 /* Assets.xcassets in Resources */ = {isa = PBXBuildFile; fileRef = 387F416324774B8700A8AA94 /* Assets.xcassets */; };
		387F416724774B8800A8AA94 /* LaunchScreen.storyboard in Resources */ = {isa = PBXBuildFile; fileRef = 387F416524774B8800A8AA94 /* LaunchScreen.storyboard */; };
		387F417224774B8B00A8AA94 /* MostPopularNewsTests.swift in Sources */ = {isa = PBXBuildFile; fileRef = 387F417124774B8B00A8AA94 /* MostPopularNewsTests.swift */; };
		387F417D24774B8B00A8AA94 /* MostPopularNewsUITests.swift in Sources */ = {isa = PBXBuildFile; fileRef = 387F417C24774B8B00A8AA94 /* MostPopularNewsUITests.swift */; };
		387F419A24775BAA00A8AA94 /* ApiClient.swift in Sources */ = {isa = PBXBuildFile; fileRef = 387F418C24775BAA00A8AA94 /* ApiClient.swift */; };
		387F419B24775BAA00A8AA94 /* Result.swift in Sources */ = {isa = PBXBuildFile; fileRef = 387F418D24775BAA00A8AA94 /* Result.swift */; };
		387F419C24775BAA00A8AA94 /* ServiceError.swift in Sources */ = {isa = PBXBuildFile; fileRef = 387F418E24775BAA00A8AA94 /* ServiceError.swift */; };
		387F419D24775BAA00A8AA94 /* ArticalsGateway.swift in Sources */ = {isa = PBXBuildFile; fileRef = 387F419024775BAA00A8AA94 /* ArticalsGateway.swift */; };
		387F41A924775BC500A8AA94 /* Config.swift in Sources */ = {isa = PBXBuildFile; fileRef = 387F41A724775BC500A8AA94 /* Config.swift */; };
		387F41AA24775BC500A8AA94 /* Config.plist in Resources */ = {isa = PBXBuildFile; fileRef = 387F41A824775BC500A8AA94 /* Config.plist */; };
		387F41AE24775C1E00A8AA94 /* UIViewController+Route.swift in Sources */ = {isa = PBXBuildFile; fileRef = 387F41AC24775C1E00A8AA94 /* UIViewController+Route.swift */; };
		387F41AF24775C1E00A8AA94 /* Route.swift in Sources */ = {isa = PBXBuildFile; fileRef = 387F41AD24775C1E00A8AA94 /* Route.swift */; };
		387F41BB2477605300A8AA94 /* Media.swift in Sources */ = {isa = PBXBuildFile; fileRef = 387F41B02477605200A8AA94 /* Media.swift */; };
		387F41BC2477605300A8AA94 /* ResponceData.swift in Sources */ = {isa = PBXBuildFile; fileRef = 387F41B12477605200A8AA94 /* ResponceData.swift */; };
		387F41BD2477605300A8AA94 /* MediaType.swift in Sources */ = {isa = PBXBuildFile; fileRef = 387F41B22477605200A8AA94 /* MediaType.swift */; };
		387F41BE2477605300A8AA94 /* ResultType.swift in Sources */ = {isa = PBXBuildFile; fileRef = 387F41B32477605200A8AA94 /* ResultType.swift */; };
		387F41BF2477605300A8AA94 /* Format.swift in Sources */ = {isa = PBXBuildFile; fileRef = 387F41B42477605200A8AA94 /* Format.swift */; };
		387F41C02477605300A8AA94 /* Subsection.swift in Sources */ = {isa = PBXBuildFile; fileRef = 387F41B52477605300A8AA94 /* Subsection.swift */; };
		387F41C22477605300A8AA94 /* Subtype.swift in Sources */ = {isa = PBXBuildFile; fileRef = 387F41B72477605300A8AA94 /* Subtype.swift */; };
		387F41C32477605300A8AA94 /* Source.swift in Sources */ = {isa = PBXBuildFile; fileRef = 387F41B82477605300A8AA94 /* Source.swift */; };
		387F41C42477605300A8AA94 /* MediaMetadatum.swift in Sources */ = {isa = PBXBuildFile; fileRef = 387F41B92477605300A8AA94 /* MediaMetadatum.swift */; };
		387F41C52477605300A8AA94 /* Artical.swift in Sources */ = {isa = PBXBuildFile; fileRef = 387F41BA2477605300A8AA94 /* Artical.swift */; };
		387F41CA2477E7F600A8AA94 /* MostPopularArticalsViewController.swift in Sources */ = {isa = PBXBuildFile; fileRef = 387F41C92477E7F600A8AA94 /* MostPopularArticalsViewController.swift */; };
		387F41CE2477E89100A8AA94 /* MostPopularArticalsPresenter.swift in Sources */ = {isa = PBXBuildFile; fileRef = 387F41CB2477E89100A8AA94 /* MostPopularArticalsPresenter.swift */; };
		387F41CF2477E89100A8AA94 /* MostPopularArticalsConfigurator.swift in Sources */ = {isa = PBXBuildFile; fileRef = 387F41CC2477E89100A8AA94 /* MostPopularArticalsConfigurator.swift */; };
		387F41D02477E89100A8AA94 /* MostPopularArticalsRouter.swift in Sources */ = {isa = PBXBuildFile; fileRef = 387F41CD2477E89100A8AA94 /* MostPopularArticalsRouter.swift */; };
		387F41D42477EBD700A8AA94 /* ArticalTableViewCell.swift in Sources */ = {isa = PBXBuildFile; fileRef = 387F41D32477EBD700A8AA94 /* ArticalTableViewCell.swift */; };
		387F41E02477ED4D00A8AA94 /* UIImageView + Kingfisher.swift in Sources */ = {isa = PBXBuildFile; fileRef = 387F41DA2477ED4D00A8AA94 /* UIImageView + Kingfisher.swift */; };
		387F41E12477ED4D00A8AA94 /* UIView+Border.swift in Sources */ = {isa = PBXBuildFile; fileRef = 387F41DB2477ED4D00A8AA94 /* UIView+Border.swift */; };
		387F41E22477ED4D00A8AA94 /* UIView+Shadow.swift in Sources */ = {isa = PBXBuildFile; fileRef = 387F41DC2477ED4D00A8AA94 /* UIView+Shadow.swift */; };
		B09A5DDE41D05C82E605908E /* Pods_MostPopularNews.framework in Frameworks */ = {isa = PBXBuildFile; fileRef = 804CFB837E9012E0AD037776 /* Pods_MostPopularNews.framework */; };
/* End PBXBuildFile section */

/* Begin PBXContainerItemProxy section */
		387F416E24774B8B00A8AA94 /* PBXContainerItemProxy */ = {
			isa = PBXContainerItemProxy;
			containerPortal = 387F414F24774B4000A8AA94 /* Project object */;
			proxyType = 1;
			remoteGlobalIDString = 387F415624774B4000A8AA94;
			remoteInfo = MostPopularNews;
		};
		387F417924774B8B00A8AA94 /* PBXContainerItemProxy */ = {
			isa = PBXContainerItemProxy;
			containerPortal = 387F414F24774B4000A8AA94 /* Project object */;
			proxyType = 1;
			remoteGlobalIDString = 387F415624774B4000A8AA94;
			remoteInfo = MostPopularNews;
		};
/* End PBXContainerItemProxy section */

/* Begin PBXFileReference section */
		0FFE429ACE76C3400D0E97E5 /* Pods-MostPopularNews.debug.xcconfig */ = {isa = PBXFileReference; includeInIndex = 1; lastKnownFileType = text.xcconfig; name = "Pods-MostPopularNews.debug.xcconfig"; path = "Target Support Files/Pods-MostPopularNews/Pods-MostPopularNews.debug.xcconfig"; sourceTree = "<group>"; };
		1F41069E78CE36B4BA89C382 /* Pods-MostPopularNews.release.xcconfig */ = {isa = PBXFileReference; includeInIndex = 1; lastKnownFileType = text.xcconfig; name = "Pods-MostPopularNews.release.xcconfig"; path = "Target Support Files/Pods-MostPopularNews/Pods-MostPopularNews.release.xcconfig"; sourceTree = "<group>"; };
		387F415724774B4000A8AA94 /* MostPopularNews.app */ = {isa = PBXFileReference; explicitFileType = wrapper.application; includeInIndex = 0; path = MostPopularNews.app; sourceTree = BUILT_PRODUCTS_DIR; };
		387F415A24774B4000A8AA94 /* AppDelegate.swift */ = {isa = PBXFileReference; lastKnownFileType = sourcecode.swift; path = AppDelegate.swift; sourceTree = "<group>"; };
		387F415C24774B4000A8AA94 /* SceneDelegate.swift */ = {isa = PBXFileReference; lastKnownFileType = sourcecode.swift; path = SceneDelegate.swift; sourceTree = "<group>"; };
		387F415E24774B4000A8AA94 /* ViewController.swift */ = {isa = PBXFileReference; lastKnownFileType = sourcecode.swift; path = ViewController.swift; sourceTree = "<group>"; };
		387F416124774B4100A8AA94 /* Base */ = {isa = PBXFileReference; lastKnownFileType = file.storyboard; name = Base; path = Base.lproj/Main.storyboard; sourceTree = "<group>"; };
		387F416324774B8700A8AA94 /* Assets.xcassets */ = {isa = PBXFileReference; lastKnownFileType = folder.assetcatalog; path = Assets.xcassets; sourceTree = "<group>"; };
		387F416624774B8800A8AA94 /* Base */ = {isa = PBXFileReference; lastKnownFileType = file.storyboard; name = Base; path = Base.lproj/LaunchScreen.storyboard; sourceTree = "<group>"; };
		387F416824774B8800A8AA94 /* Info.plist */ = {isa = PBXFileReference; lastKnownFileType = text.plist.xml; path = Info.plist; sourceTree = "<group>"; };
		387F416D24774B8B00A8AA94 /* MostPopularNewsTests.xctest */ = {isa = PBXFileReference; explicitFileType = wrapper.cfbundle; includeInIndex = 0; path = MostPopularNewsTests.xctest; sourceTree = BUILT_PRODUCTS_DIR; };
		387F417124774B8B00A8AA94 /* MostPopularNewsTests.swift */ = {isa = PBXFileReference; lastKnownFileType = sourcecode.swift; path = MostPopularNewsTests.swift; sourceTree = "<group>"; };
		387F417324774B8B00A8AA94 /* Info.plist */ = {isa = PBXFileReference; lastKnownFileType = text.plist.xml; path = Info.plist; sourceTree = "<group>"; };
		387F417824774B8B00A8AA94 /* MostPopularNewsUITests.xctest */ = {isa = PBXFileReference; explicitFileType = wrapper.cfbundle; includeInIndex = 0; path = MostPopularNewsUITests.xctest; sourceTree = BUILT_PRODUCTS_DIR; };
		387F417C24774B8B00A8AA94 /* MostPopularNewsUITests.swift */ = {isa = PBXFileReference; lastKnownFileType = sourcecode.swift; path = MostPopularNewsUITests.swift; sourceTree = "<group>"; };
		387F417E24774B8B00A8AA94 /* Info.plist */ = {isa = PBXFileReference; lastKnownFileType = text.plist.xml; path = Info.plist; sourceTree = "<group>"; };
		387F418C24775BAA00A8AA94 /* ApiClient.swift */ = {isa = PBXFileReference; fileEncoding = 4; lastKnownFileType = sourcecode.swift; path = ApiClient.swift; sourceTree = "<group>"; };
		387F418D24775BAA00A8AA94 /* Result.swift */ = {isa = PBXFileReference; fileEncoding = 4; lastKnownFileType = sourcecode.swift; path = Result.swift; sourceTree = "<group>"; };
		387F418E24775BAA00A8AA94 /* ServiceError.swift */ = {isa = PBXFileReference; fileEncoding = 4; lastKnownFileType = sourcecode.swift; path = ServiceError.swift; sourceTree = "<group>"; };
		387F419024775BAA00A8AA94 /* ArticalsGateway.swift */ = {isa = PBXFileReference; fileEncoding = 4; lastKnownFileType = sourcecode.swift; path = ArticalsGateway.swift; sourceTree = "<group>"; };
		387F41A724775BC500A8AA94 /* Config.swift */ = {isa = PBXFileReference; fileEncoding = 4; lastKnownFileType = sourcecode.swift; path = Config.swift; sourceTree = "<group>"; };
		387F41A824775BC500A8AA94 /* Config.plist */ = {isa = PBXFileReference; fileEncoding = 4; lastKnownFileType = text.plist.xml; path = Config.plist; sourceTree = "<group>"; };
		387F41AC24775C1E00A8AA94 /* UIViewController+Route.swift */ = {isa = PBXFileReference; fileEncoding = 4; lastKnownFileType = sourcecode.swift; path = "UIViewController+Route.swift"; sourceTree = "<group>"; };
		387F41AD24775C1E00A8AA94 /* Route.swift */ = {isa = PBXFileReference; fileEncoding = 4; lastKnownFileType = sourcecode.swift; path = Route.swift; sourceTree = "<group>"; };
		387F41B02477605200A8AA94 /* Media.swift */ = {isa = PBXFileReference; fileEncoding = 4; lastKnownFileType = sourcecode.swift; path = Media.swift; sourceTree = "<group>"; };
		387F41B12477605200A8AA94 /* ResponceData.swift */ = {isa = PBXFileReference; fileEncoding = 4; lastKnownFileType = sourcecode.swift; path = ResponceData.swift; sourceTree = "<group>"; };
		387F41B22477605200A8AA94 /* MediaType.swift */ = {isa = PBXFileReference; fileEncoding = 4; lastKnownFileType = sourcecode.swift; path = MediaType.swift; sourceTree = "<group>"; };
		387F41B32477605200A8AA94 /* ResultType.swift */ = {isa = PBXFileReference; fileEncoding = 4; lastKnownFileType = sourcecode.swift; path = ResultType.swift; sourceTree = "<group>"; };
		387F41B42477605200A8AA94 /* Format.swift */ = {isa = PBXFileReference; fileEncoding = 4; lastKnownFileType = sourcecode.swift; path = Format.swift; sourceTree = "<group>"; };
		387F41B52477605300A8AA94 /* Subsection.swift */ = {isa = PBXFileReference; fileEncoding = 4; lastKnownFileType = sourcecode.swift; path = Subsection.swift; sourceTree = "<group>"; };
		387F41B72477605300A8AA94 /* Subtype.swift */ = {isa = PBXFileReference; fileEncoding = 4; lastKnownFileType = sourcecode.swift; path = Subtype.swift; sourceTree = "<group>"; };
		387F41B82477605300A8AA94 /* Source.swift */ = {isa = PBXFileReference; fileEncoding = 4; lastKnownFileType = sourcecode.swift; path = Source.swift; sourceTree = "<group>"; };
		387F41B92477605300A8AA94 /* MediaMetadatum.swift */ = {isa = PBXFileReference; fileEncoding = 4; lastKnownFileType = sourcecode.swift; path = MediaMetadatum.swift; sourceTree = "<group>"; };
		387F41BA2477605300A8AA94 /* Artical.swift */ = {isa = PBXFileReference; fileEncoding = 4; lastKnownFileType = sourcecode.swift; path = Artical.swift; sourceTree = "<group>"; };
		387F41C92477E7F600A8AA94 /* MostPopularArticalsViewController.swift */ = {isa = PBXFileReference; lastKnownFileType = sourcecode.swift; path = MostPopularArticalsViewController.swift; sourceTree = "<group>"; };
		387F41CB2477E89100A8AA94 /* MostPopularArticalsPresenter.swift */ = {isa = PBXFileReference; fileEncoding = 4; lastKnownFileType = sourcecode.swift; path = MostPopularArticalsPresenter.swift; sourceTree = "<group>"; };
		387F41CC2477E89100A8AA94 /* MostPopularArticalsConfigurator.swift */ = {isa = PBXFileReference; fileEncoding = 4; lastKnownFileType = sourcecode.swift; path = MostPopularArticalsConfigurator.swift; sourceTree = "<group>"; };
		387F41CD2477E89100A8AA94 /* MostPopularArticalsRouter.swift */ = {isa = PBXFileReference; fileEncoding = 4; lastKnownFileType = sourcecode.swift; path = MostPopularArticalsRouter.swift; sourceTree = "<group>"; };
		387F41D32477EBD700A8AA94 /* ArticalTableViewCell.swift */ = {isa = PBXFileReference; lastKnownFileType = sourcecode.swift; path = ArticalTableViewCell.swift; sourceTree = "<group>"; };
		387F41DA2477ED4D00A8AA94 /* UIImageView + Kingfisher.swift */ = {isa = PBXFileReference; fileEncoding = 4; lastKnownFileType = sourcecode.swift; path = "UIImageView + Kingfisher.swift"; sourceTree = "<group>"; };
		387F41DB2477ED4D00A8AA94 /* UIView+Border.swift */ = {isa = PBXFileReference; fileEncoding = 4; lastKnownFileType = sourcecode.swift; path = "UIView+Border.swift"; sourceTree = "<group>"; };
		387F41DC2477ED4D00A8AA94 /* UIView+Shadow.swift */ = {isa = PBXFileReference; fileEncoding = 4; lastKnownFileType = sourcecode.swift; path = "UIView+Shadow.swift"; sourceTree = "<group>"; };
		804CFB837E9012E0AD037776 /* Pods_MostPopularNews.framework */ = {isa = PBXFileReference; explicitFileType = wrapper.framework; includeInIndex = 0; path = Pods_MostPopularNews.framework; sourceTree = BUILT_PRODUCTS_DIR; };
/* End PBXFileReference section */

/* Begin PBXFrameworksBuildPhase section */
		387F415424774B4000A8AA94 /* Frameworks */ = {
			isa = PBXFrameworksBuildPhase;
			buildActionMask = 2147483647;
			files = (
				B09A5DDE41D05C82E605908E /* Pods_MostPopularNews.framework in Frameworks */,
			);
			runOnlyForDeploymentPostprocessing = 0;
		};
		387F416A24774B8B00A8AA94 /* Frameworks */ = {
			isa = PBXFrameworksBuildPhase;
			buildActionMask = 2147483647;
			files = (
			);
			runOnlyForDeploymentPostprocessing = 0;
		};
		387F417524774B8B00A8AA94 /* Frameworks */ = {
			isa = PBXFrameworksBuildPhase;
			buildActionMask = 2147483647;
			files = (
			);
			runOnlyForDeploymentPostprocessing = 0;
		};
/* End PBXFrameworksBuildPhase section */

/* Begin PBXGroup section */
		387F414E24774B4000A8AA94 = {
			isa = PBXGroup;
			children = (
				387F415924774B4000A8AA94 /* MostPopularNews */,
				387F417024774B8B00A8AA94 /* MostPopularNewsTests */,
				387F417B24774B8B00A8AA94 /* MostPopularNewsUITests */,
				387F415824774B4000A8AA94 /* Products */,
				985F02ECA02241414D0C3DF2 /* Pods */,
				5AFD026CECE09C22D8910DCA /* Frameworks */,
			);
			sourceTree = "<group>";
		};
		387F415824774B4000A8AA94 /* Products */ = {
			isa = PBXGroup;
			children = (
				387F415724774B4000A8AA94 /* MostPopularNews.app */,
				387F416D24774B8B00A8AA94 /* MostPopularNewsTests.xctest */,
				387F417824774B8B00A8AA94 /* MostPopularNewsUITests.xctest */,
			);
			name = Products;
			sourceTree = "<group>";
		};
		387F415924774B4000A8AA94 /* MostPopularNews */ = {
			isa = PBXGroup;
			children = (
				387F415A24774B4000A8AA94 /* AppDelegate.swift */,
				387F415C24774B4000A8AA94 /* SceneDelegate.swift */,
				387F415E24774B4000A8AA94 /* ViewController.swift */,
				387F416024774B4100A8AA94 /* Main.storyboard */,
				387F416324774B8700A8AA94 /* Assets.xcassets */,
				387F416524774B8800A8AA94 /* LaunchScreen.storyboard */,
				387F416824774B8800A8AA94 /* Info.plist */,
				387F41D52477ED1A00A8AA94 /* Helpers */,
				387F41A624775BC500A8AA94 /* Config */,
				387F41AB24775C1E00A8AA94 /* RouteSystem */,
				387F418A24775BAA00A8AA94 /* Service */,
				387F41C62477748700A8AA94 /* Scenes */,
			);
			path = MostPopularNews;
			sourceTree = "<group>";
		};
		387F417024774B8B00A8AA94 /* MostPopularNewsTests */ = {
			isa = PBXGroup;
			children = (
				387F417124774B8B00A8AA94 /* MostPopularNewsTests.swift */,
				387F417324774B8B00A8AA94 /* Info.plist */,
			);
			path = MostPopularNewsTests;
			sourceTree = "<group>";
		};
		387F417B24774B8B00A8AA94 /* MostPopularNewsUITests */ = {
			isa = PBXGroup;
			children = (
				387F417C24774B8B00A8AA94 /* MostPopularNewsUITests.swift */,
				387F417E24774B8B00A8AA94 /* Info.plist */,
			);
			path = MostPopularNewsUITests;
			sourceTree = "<group>";
		};
		387F418A24775BAA00A8AA94 /* Service */ = {
			isa = PBXGroup;
			children = (
				387F418B24775BAA00A8AA94 /* Core */,
				387F418F24775BAA00A8AA94 /* Gateways */,
				387F419124775BAA00A8AA94 /* Entities */,
			);
			path = Service;
			sourceTree = "<group>";
		};
		387F418B24775BAA00A8AA94 /* Core */ = {
			isa = PBXGroup;
			children = (
				387F418C24775BAA00A8AA94 /* ApiClient.swift */,
				387F418D24775BAA00A8AA94 /* Result.swift */,
				387F418E24775BAA00A8AA94 /* ServiceError.swift */,
			);
			path = Core;
			sourceTree = "<group>";
		};
		387F418F24775BAA00A8AA94 /* Gateways */ = {
			isa = PBXGroup;
			children = (
				387F419024775BAA00A8AA94 /* ArticalsGateway.swift */,
			);
			path = Gateways;
			sourceTree = "<group>";
		};
		387F419124775BAA00A8AA94 /* Entities */ = {
			isa = PBXGroup;
			children = (
				387F41B12477605200A8AA94 /* ResponceData.swift */,
				387F41BA2477605300A8AA94 /* Artical.swift */,
				387F41B42477605200A8AA94 /* Format.swift */,
				387F41B02477605200A8AA94 /* Media.swift */,
				387F41B92477605300A8AA94 /* MediaMetadatum.swift */,
				387F41B22477605200A8AA94 /* MediaType.swift */,
				387F41B32477605200A8AA94 /* ResultType.swift */,
				387F41B82477605300A8AA94 /* Source.swift */,
				387F41B52477605300A8AA94 /* Subsection.swift */,
				387F41B72477605300A8AA94 /* Subtype.swift */,
			);
			path = Entities;
			sourceTree = "<group>";
		};
		387F41A624775BC500A8AA94 /* Config */ = {
			isa = PBXGroup;
			children = (
				387F41A724775BC500A8AA94 /* Config.swift */,
				387F41A824775BC500A8AA94 /* Config.plist */,
			);
			path = Config;
			sourceTree = "<group>";
		};
		387F41AB24775C1E00A8AA94 /* RouteSystem */ = {
			isa = PBXGroup;
			children = (
				387F41AC24775C1E00A8AA94 /* UIViewController+Route.swift */,
				387F41AD24775C1E00A8AA94 /* Route.swift */,
			);
			path = RouteSystem;
			sourceTree = "<group>";
		};
		387F41C62477748700A8AA94 /* Scenes */ = {
			isa = PBXGroup;
			children = (
				387F41C82477E79E00A8AA94 /* MostPopularArticals */,
			);
			path = Scenes;
			sourceTree = "<group>";
		};
		387F41C82477E79E00A8AA94 /* MostPopularArticals */ = {
			isa = PBXGroup;
			children = (
				387F41D12477EBAE00A8AA94 /* ArticalCell */,
				387F41C92477E7F600A8AA94 /* MostPopularArticalsViewController.swift */,
				387F41CC2477E89100A8AA94 /* MostPopularArticalsConfigurator.swift */,
				387F41CB2477E89100A8AA94 /* MostPopularArticalsPresenter.swift */,
				387F41CD2477E89100A8AA94 /* MostPopularArticalsRouter.swift */,
			);
			path = MostPopularArticals;
			sourceTree = "<group>";
		};
		387F41D12477EBAE00A8AA94 /* ArticalCell */ = {
			isa = PBXGroup;
			children = (
				387F41D32477EBD700A8AA94 /* ArticalTableViewCell.swift */,
			);
			path = ArticalCell;
			sourceTree = "<group>";
		};
		387F41D52477ED1A00A8AA94 /* Helpers */ = {
			isa = PBXGroup;
			children = (
				387F41D62477ED4D00A8AA94 /* UI */,
			);
			path = Helpers;
			sourceTree = "<group>";
		};
		387F41D62477ED4D00A8AA94 /* UI */ = {
			isa = PBXGroup;
			children = (
				387F41DA2477ED4D00A8AA94 /* UIImageView + Kingfisher.swift */,
				387F41DB2477ED4D00A8AA94 /* UIView+Border.swift */,
				387F41DC2477ED4D00A8AA94 /* UIView+Shadow.swift */,
			);
			path = UI;
			sourceTree = "<group>";
		};
		5AFD026CECE09C22D8910DCA /* Frameworks */ = {
			isa = PBXGroup;
			children = (
				804CFB837E9012E0AD037776 /* Pods_MostPopularNews.framework */,
			);
			name = Frameworks;
			sourceTree = "<group>";
		};
		985F02ECA02241414D0C3DF2 /* Pods */ = {
			isa = PBXGroup;
			children = (
				0FFE429ACE76C3400D0E97E5 /* Pods-MostPopularNews.debug.xcconfig */,
				1F41069E78CE36B4BA89C382 /* Pods-MostPopularNews.release.xcconfig */,
			);
			path = Pods;
			sourceTree = "<group>";
		};
/* End PBXGroup section */

/* Begin PBXNativeTarget section */
		387F415624774B4000A8AA94 /* MostPopularNews */ = {
			isa = PBXNativeTarget;
			buildConfigurationList = 387F418124774B8B00A8AA94 /* Build configuration list for PBXNativeTarget "MostPopularNews" */;
			buildPhases = (
				5EB59982CEF30D7CB5CEBAE4 /* [CP] Check Pods Manifest.lock */,
				387F415324774B4000A8AA94 /* Sources */,
				387F415424774B4000A8AA94 /* Frameworks */,
				387F415524774B4000A8AA94 /* Resources */,
				DBC70974B1ACB0A35BE47314 /* [CP] Embed Pods Frameworks */,
			);
			buildRules = (
			);
			dependencies = (
			);
			name = MostPopularNews;
			productName = MostPopularNews;
			productReference = 387F415724774B4000A8AA94 /* MostPopularNews.app */;
			productType = "com.apple.product-type.application";
		};
		387F416C24774B8B00A8AA94 /* MostPopularNewsTests */ = {
			isa = PBXNativeTarget;
			buildConfigurationList = 387F418424774B8B00A8AA94 /* Build configuration list for PBXNativeTarget "MostPopularNewsTests" */;
			buildPhases = (
				387F416924774B8B00A8AA94 /* Sources */,
				387F416A24774B8B00A8AA94 /* Frameworks */,
				387F416B24774B8B00A8AA94 /* Resources */,
			);
			buildRules = (
			);
			dependencies = (
				387F416F24774B8B00A8AA94 /* PBXTargetDependency */,
			);
			name = MostPopularNewsTests;
			productName = MostPopularNewsTests;
			productReference = 387F416D24774B8B00A8AA94 /* MostPopularNewsTests.xctest */;
			productType = "com.apple.product-type.bundle.unit-test";
		};
		387F417724774B8B00A8AA94 /* MostPopularNewsUITests */ = {
			isa = PBXNativeTarget;
			buildConfigurationList = 387F418724774B8B00A8AA94 /* Build configuration list for PBXNativeTarget "MostPopularNewsUITests" */;
			buildPhases = (
				387F417424774B8B00A8AA94 /* Sources */,
				387F417524774B8B00A8AA94 /* Frameworks */,
				387F417624774B8B00A8AA94 /* Resources */,
			);
			buildRules = (
			);
			dependencies = (
				387F417A24774B8B00A8AA94 /* PBXTargetDependency */,
			);
			name = MostPopularNewsUITests;
			productName = MostPopularNewsUITests;
			productReference = 387F417824774B8B00A8AA94 /* MostPopularNewsUITests.xctest */;
			productType = "com.apple.product-type.bundle.ui-testing";
		};
/* End PBXNativeTarget section */

/* Begin PBXProject section */
		387F414F24774B4000A8AA94 /* Project object */ = {
			isa = PBXProject;
			attributes = {
				LastSwiftUpdateCheck = 1140;
				LastUpgradeCheck = 1140;
				ORGANIZATIONNAME = "Dalia Hosny";
				TargetAttributes = {
					387F415624774B4000A8AA94 = {
						CreatedOnToolsVersion = 11.4;
					};
					387F416C24774B8B00A8AA94 = {
						CreatedOnToolsVersion = 11.4;
						TestTargetID = 387F415624774B4000A8AA94;
					};
					387F417724774B8B00A8AA94 = {
						CreatedOnToolsVersion = 11.4;
						TestTargetID = 387F415624774B4000A8AA94;
					};
				};
			};
			buildConfigurationList = 387F415224774B4000A8AA94 /* Build configuration list for PBXProject "MostPopularNews" */;
			compatibilityVersion = "Xcode 9.3";
			developmentRegion = en;
			hasScannedForEncodings = 0;
			knownRegions = (
				en,
				Base,
			);
			mainGroup = 387F414E24774B4000A8AA94;
			productRefGroup = 387F415824774B4000A8AA94 /* Products */;
			projectDirPath = "";
			projectRoot = "";
			targets = (
				387F415624774B4000A8AA94 /* MostPopularNews */,
				387F416C24774B8B00A8AA94 /* MostPopularNewsTests */,
				387F417724774B8B00A8AA94 /* MostPopularNewsUITests */,
			);
		};
/* End PBXProject section */

/* Begin PBXResourcesBuildPhase section */
		387F415524774B4000A8AA94 /* Resources */ = {
			isa = PBXResourcesBuildPhase;
			buildActionMask = 2147483647;
			files = (
				387F41AA24775BC500A8AA94 /* Config.plist in Resources */,
				387F416724774B8800A8AA94 /* LaunchScreen.storyboard in Resources */,
				387F416424774B8700A8AA94 /* Assets.xcassets in Resources */,
				387F416224774B4100A8AA94 /* Main.storyboard in Resources */,
			);
			runOnlyForDeploymentPostprocessing = 0;
		};
		387F416B24774B8B00A8AA94 /* Resources */ = {
			isa = PBXResourcesBuildPhase;
			buildActionMask = 2147483647;
			files = (
			);
			runOnlyForDeploymentPostprocessing = 0;
		};
		387F417624774B8B00A8AA94 /* Resources */ = {
			isa = PBXResourcesBuildPhase;
			buildActionMask = 2147483647;
			files = (
			);
			runOnlyForDeploymentPostprocessing = 0;
		};
/* End PBXResourcesBuildPhase section */

/* Begin PBXShellScriptBuildPhase section */
		5EB59982CEF30D7CB5CEBAE4 /* [CP] Check Pods Manifest.lock */ = {
			isa = PBXShellScriptBuildPhase;
			buildActionMask = 2147483647;
			files = (
			);
			inputFileListPaths = (
			);
			inputPaths = (
				"${PODS_PODFILE_DIR_PATH}/Podfile.lock",
				"${PODS_ROOT}/Manifest.lock",
			);
			name = "[CP] Check Pods Manifest.lock";
			outputFileListPaths = (
			);
			outputPaths = (
				"$(DERIVED_FILE_DIR)/Pods-MostPopularNews-checkManifestLockResult.txt",
			);
			runOnlyForDeploymentPostprocessing = 0;
			shellPath = /bin/sh;
			shellScript = "diff \"${PODS_PODFILE_DIR_PATH}/Podfile.lock\" \"${PODS_ROOT}/Manifest.lock\" > /dev/null\nif [ $? != 0 ] ; then\n    # print error to STDERR\n    echo \"error: The sandbox is not in sync with the Podfile.lock. Run 'pod install' or update your CocoaPods installation.\" >&2\n    exit 1\nfi\n# This output is used by Xcode 'outputs' to avoid re-running this script phase.\necho \"SUCCESS\" > \"${SCRIPT_OUTPUT_FILE_0}\"\n";
			showEnvVarsInLog = 0;
		};
		DBC70974B1ACB0A35BE47314 /* [CP] Embed Pods Frameworks */ = {
			isa = PBXShellScriptBuildPhase;
			buildActionMask = 2147483647;
			files = (
			);
			inputFileListPaths = (
				"${PODS_ROOT}/Target Support Files/Pods-MostPopularNews/Pods-MostPopularNews-frameworks-${CONFIGURATION}-input-files.xcfilelist",
			);
			name = "[CP] Embed Pods Frameworks";
			outputFileListPaths = (
				"${PODS_ROOT}/Target Support Files/Pods-MostPopularNews/Pods-MostPopularNews-frameworks-${CONFIGURATION}-output-files.xcfilelist",
			);
			runOnlyForDeploymentPostprocessing = 0;
			shellPath = /bin/sh;
			shellScript = "\"${PODS_ROOT}/Target Support Files/Pods-MostPopularNews/Pods-MostPopularNews-frameworks.sh\"\n";
			showEnvVarsInLog = 0;
		};
/* End PBXShellScriptBuildPhase section */

/* Begin PBXSourcesBuildPhase section */
		387F415324774B4000A8AA94 /* Sources */ = {
			isa = PBXSourcesBuildPhase;
			buildActionMask = 2147483647;
			files = (
				387F41C32477605300A8AA94 /* Source.swift in Sources */,
				387F41BE2477605300A8AA94 /* ResultType.swift in Sources */,
				387F41BD2477605300A8AA94 /* MediaType.swift in Sources */,
				387F41BF2477605300A8AA94 /* Format.swift in Sources */,
				387F41C22477605300A8AA94 /* Subtype.swift in Sources */,
				387F41BB2477605300A8AA94 /* Media.swift in Sources */,
				387F419C24775BAA00A8AA94 /* ServiceError.swift in Sources */,
				387F41E12477ED4D00A8AA94 /* UIView+Border.swift in Sources */,
				387F415F24774B4000A8AA94 /* ViewController.swift in Sources */,
				387F41D02477E89100A8AA94 /* MostPopularArticalsRouter.swift in Sources */,
				387F41CA2477E7F600A8AA94 /* MostPopularArticalsViewController.swift in Sources */,
				387F41E22477ED4D00A8AA94 /* UIView+Shadow.swift in Sources */,
				387F41D42477EBD700A8AA94 /* ArticalTableViewCell.swift in Sources */,
				387F419B24775BAA00A8AA94 /* Result.swift in Sources */,
				387F415B24774B4000A8AA94 /* AppDelegate.swift in Sources */,
				387F41AF24775C1E00A8AA94 /* Route.swift in Sources */,
				387F415D24774B4000A8AA94 /* SceneDelegate.swift in Sources */,
				387F41C02477605300A8AA94 /* Subsection.swift in Sources */,
				387F41CE2477E89100A8AA94 /* MostPopularArticalsPresenter.swift in Sources */,
				387F41CF2477E89100A8AA94 /* MostPopularArticalsConfigurator.swift in Sources */,
				387F419D24775BAA00A8AA94 /* ArticalsGateway.swift in Sources */,
				387F41BC2477605300A8AA94 /* ResponceData.swift in Sources */,
				387F41A924775BC500A8AA94 /* Config.swift in Sources */,
				387F41C42477605300A8AA94 /* MediaMetadatum.swift in Sources */,
				387F41C52477605300A8AA94 /* Artical.swift in Sources */,
				387F41E02477ED4D00A8AA94 /* UIImageView + Kingfisher.swift in Sources */,
				387F419A24775BAA00A8AA94 /* ApiClient.swift in Sources */,
				387F41AE24775C1E00A8AA94 /* UIViewController+Route.swift in Sources */,
			);
			runOnlyForDeploymentPostprocessing = 0;
		};
		387F416924774B8B00A8AA94 /* Sources */ = {
			isa = PBXSourcesBuildPhase;
			buildActionMask = 2147483647;
			files = (
				387F417224774B8B00A8AA94 /* MostPopularNewsTests.swift in Sources */,
			);
			runOnlyForDeploymentPostprocessing = 0;
		};
		387F417424774B8B00A8AA94 /* Sources */ = {
			isa = PBXSourcesBuildPhase;
			buildActionMask = 2147483647;
			files = (
				387F417D24774B8B00A8AA94 /* MostPopularNewsUITests.swift in Sources */,
			);
			runOnlyForDeploymentPostprocessing = 0;
		};
/* End PBXSourcesBuildPhase section */

/* Begin PBXTargetDependency section */
		387F416F24774B8B00A8AA94 /* PBXTargetDependency */ = {
			isa = PBXTargetDependency;
			target = 387F415624774B4000A8AA94 /* MostPopularNews */;
			targetProxy = 387F416E24774B8B00A8AA94 /* PBXContainerItemProxy */;
		};
		387F417A24774B8B00A8AA94 /* PBXTargetDependency */ = {
			isa = PBXTargetDependency;
			target = 387F415624774B4000A8AA94 /* MostPopularNews */;
			targetProxy = 387F417924774B8B00A8AA94 /* PBXContainerItemProxy */;
		};
/* End PBXTargetDependency section */

/* Begin PBXVariantGroup section */
		387F416024774B4100A8AA94 /* Main.storyboard */ = {
			isa = PBXVariantGroup;
			children = (
				387F416124774B4100A8AA94 /* Base */,
			);
			name = Main.storyboard;
			sourceTree = "<group>";
		};
		387F416524774B8800A8AA94 /* LaunchScreen.storyboard */ = {
			isa = PBXVariantGroup;
			children = (
				387F416624774B8800A8AA94 /* Base */,
			);
			name = LaunchScreen.storyboard;
			sourceTree = "<group>";
		};
/* End PBXVariantGroup section */

/* Begin XCBuildConfiguration section */
		387F417F24774B8B00A8AA94 /* Debug */ = {
			isa = XCBuildConfiguration;
			buildSettings = {
				ALWAYS_SEARCH_USER_PATHS = NO;
				CLANG_ANALYZER_NONNULL = YES;
				CLANG_ANALYZER_NUMBER_OBJECT_CONVERSION = YES_AGGRESSIVE;
				CLANG_CXX_LANGUAGE_STANDARD = "gnu++14";
				CLANG_CXX_LIBRARY = "libc++";
				CLANG_ENABLE_MODULES = YES;
				CLANG_ENABLE_OBJC_ARC = YES;
				CLANG_ENABLE_OBJC_WEAK = YES;
				CLANG_WARN_BLOCK_CAPTURE_AUTORELEASING = YES;
				CLANG_WARN_BOOL_CONVERSION = YES;
				CLANG_WARN_COMMA = YES;
				CLANG_WARN_CONSTANT_CONVERSION = YES;
				CLANG_WARN_DEPRECATED_OBJC_IMPLEMENTATIONS = YES;
				CLANG_WARN_DIRECT_OBJC_ISA_USAGE = YES_ERROR;
				CLANG_WARN_DOCUMENTATION_COMMENTS = YES;
				CLANG_WARN_EMPTY_BODY = YES;
				CLANG_WARN_ENUM_CONVERSION = YES;
				CLANG_WARN_INFINITE_RECURSION = YES;
				CLANG_WARN_INT_CONVERSION = YES;
				CLANG_WARN_NON_LITERAL_NULL_CONVERSION = YES;
				CLANG_WARN_OBJC_IMPLICIT_RETAIN_SELF = YES;
				CLANG_WARN_OBJC_LITERAL_CONVERSION = YES;
				CLANG_WARN_OBJC_ROOT_CLASS = YES_ERROR;
				CLANG_WARN_RANGE_LOOP_ANALYSIS = YES;
				CLANG_WARN_STRICT_PROTOTYPES = YES;
				CLANG_WARN_SUSPICIOUS_MOVE = YES;
				CLANG_WARN_UNGUARDED_AVAILABILITY = YES_AGGRESSIVE;
				CLANG_WARN_UNREACHABLE_CODE = YES;
				CLANG_WARN__DUPLICATE_METHOD_MATCH = YES;
				COPY_PHASE_STRIP = NO;
				DEBUG_INFORMATION_FORMAT = dwarf;
				ENABLE_STRICT_OBJC_MSGSEND = YES;
				ENABLE_TESTABILITY = YES;
				GCC_C_LANGUAGE_STANDARD = gnu11;
				GCC_DYNAMIC_NO_PIC = NO;
				GCC_NO_COMMON_BLOCKS = YES;
				GCC_OPTIMIZATION_LEVEL = 0;
				GCC_PREPROCESSOR_DEFINITIONS = (
					"DEBUG=1",
					"$(inherited)",
				);
				GCC_WARN_64_TO_32_BIT_CONVERSION = YES;
				GCC_WARN_ABOUT_RETURN_TYPE = YES_ERROR;
				GCC_WARN_UNDECLARED_SELECTOR = YES;
				GCC_WARN_UNINITIALIZED_AUTOS = YES_AGGRESSIVE;
				GCC_WARN_UNUSED_FUNCTION = YES;
				GCC_WARN_UNUSED_VARIABLE = YES;
				IPHONEOS_DEPLOYMENT_TARGET = 13.4;
				MTL_ENABLE_DEBUG_INFO = INCLUDE_SOURCE;
				MTL_FAST_MATH = YES;
				ONLY_ACTIVE_ARCH = YES;
				SDKROOT = iphoneos;
				SWIFT_ACTIVE_COMPILATION_CONDITIONS = DEBUG;
				SWIFT_OPTIMIZATION_LEVEL = "-Onone";
			};
			name = Debug;
		};
		387F418024774B8B00A8AA94 /* Release */ = {
			isa = XCBuildConfiguration;
			buildSettings = {
				ALWAYS_SEARCH_USER_PATHS = NO;
				CLANG_ANALYZER_NONNULL = YES;
				CLANG_ANALYZER_NUMBER_OBJECT_CONVERSION = YES_AGGRESSIVE;
				CLANG_CXX_LANGUAGE_STANDARD = "gnu++14";
				CLANG_CXX_LIBRARY = "libc++";
				CLANG_ENABLE_MODULES = YES;
				CLANG_ENABLE_OBJC_ARC = YES;
				CLANG_ENABLE_OBJC_WEAK = YES;
				CLANG_WARN_BLOCK_CAPTURE_AUTORELEASING = YES;
				CLANG_WARN_BOOL_CONVERSION = YES;
				CLANG_WARN_COMMA = YES;
				CLANG_WARN_CONSTANT_CONVERSION = YES;
				CLANG_WARN_DEPRECATED_OBJC_IMPLEMENTATIONS = YES;
				CLANG_WARN_DIRECT_OBJC_ISA_USAGE = YES_ERROR;
				CLANG_WARN_DOCUMENTATION_COMMENTS = YES;
				CLANG_WARN_EMPTY_BODY = YES;
				CLANG_WARN_ENUM_CONVERSION = YES;
				CLANG_WARN_INFINITE_RECURSION = YES;
				CLANG_WARN_INT_CONVERSION = YES;
				CLANG_WARN_NON_LITERAL_NULL_CONVERSION = YES;
				CLANG_WARN_OBJC_IMPLICIT_RETAIN_SELF = YES;
				CLANG_WARN_OBJC_LITERAL_CONVERSION = YES;
				CLANG_WARN_OBJC_ROOT_CLASS = YES_ERROR;
				CLANG_WARN_RANGE_LOOP_ANALYSIS = YES;
				CLANG_WARN_STRICT_PROTOTYPES = YES;
				CLANG_WARN_SUSPICIOUS_MOVE = YES;
				CLANG_WARN_UNGUARDED_AVAILABILITY = YES_AGGRESSIVE;
				CLANG_WARN_UNREACHABLE_CODE = YES;
				CLANG_WARN__DUPLICATE_METHOD_MATCH = YES;
				COPY_PHASE_STRIP = NO;
				DEBUG_INFORMATION_FORMAT = "dwarf-with-dsym";
				ENABLE_NS_ASSERTIONS = NO;
				ENABLE_STRICT_OBJC_MSGSEND = YES;
				GCC_C_LANGUAGE_STANDARD = gnu11;
				GCC_NO_COMMON_BLOCKS = YES;
				GCC_WARN_64_TO_32_BIT_CONVERSION = YES;
				GCC_WARN_ABOUT_RETURN_TYPE = YES_ERROR;
				GCC_WARN_UNDECLARED_SELECTOR = YES;
				GCC_WARN_UNINITIALIZED_AUTOS = YES_AGGRESSIVE;
				GCC_WARN_UNUSED_FUNCTION = YES;
				GCC_WARN_UNUSED_VARIABLE = YES;
				IPHONEOS_DEPLOYMENT_TARGET = 13.4;
				MTL_ENABLE_DEBUG_INFO = NO;
				MTL_FAST_MATH = YES;
				SDKROOT = iphoneos;
				SWIFT_COMPILATION_MODE = wholemodule;
				SWIFT_OPTIMIZATION_LEVEL = "-O";
				VALIDATE_PRODUCT = YES;
			};
			name = Release;
		};
		387F418224774B8B00A8AA94 /* Debug */ = {
			isa = XCBuildConfiguration;
			baseConfigurationReference = 0FFE429ACE76C3400D0E97E5 /* Pods-MostPopularNews.debug.xcconfig */;
			buildSettings = {
				ASSETCATALOG_COMPILER_APPICON_NAME = AppIcon;
				CODE_SIGN_STYLE = Automatic;
				INFOPLIST_FILE = MostPopularNews/Info.plist;
				LD_RUNPATH_SEARCH_PATHS = (
					"$(inherited)",
					"@executable_path/Frameworks",
				);
				PRODUCT_BUNDLE_IDENTIFIER = DoneIT.com.MostPopularNews;
				PRODUCT_NAME = "$(TARGET_NAME)";
				SWIFT_VERSION = 5.0;
				TARGETED_DEVICE_FAMILY = "1,2";
			};
			name = Debug;
		};
		387F418324774B8B00A8AA94 /* Release */ = {
			isa = XCBuildConfiguration;
			baseConfigurationReference = 1F41069E78CE36B4BA89C382 /* Pods-MostPopularNews.release.xcconfig */;
			buildSettings = {
				ASSETCATALOG_COMPILER_APPICON_NAME = AppIcon;
				CODE_SIGN_STYLE = Automatic;
				INFOPLIST_FILE = MostPopularNews/Info.plist;
				LD_RUNPATH_SEARCH_PATHS = (
					"$(inherited)",
					"@executable_path/Frameworks",
				);
				PRODUCT_BUNDLE_IDENTIFIER = DoneIT.com.MostPopularNews;
				PRODUCT_NAME = "$(TARGET_NAME)";
				SWIFT_VERSION = 5.0;
				TARGETED_DEVICE_FAMILY = "1,2";
			};
			name = Release;
		};
		387F418524774B8B00A8AA94 /* Debug */ = {
			isa = XCBuildConfiguration;
			buildSettings = {
				ALWAYS_EMBED_SWIFT_STANDARD_LIBRARIES = YES;
				BUNDLE_LOADER = "$(TEST_HOST)";
				CODE_SIGN_STYLE = Automatic;
				INFOPLIST_FILE = MostPopularNewsTests/Info.plist;
				IPHONEOS_DEPLOYMENT_TARGET = 13.4;
				LD_RUNPATH_SEARCH_PATHS = (
					"$(inherited)",
					"@executable_path/Frameworks",
					"@loader_path/Frameworks",
				);
				PRODUCT_BUNDLE_IDENTIFIER = DoneIT.com.MostPopularNewsTests;
				PRODUCT_NAME = "$(TARGET_NAME)";
				SWIFT_VERSION = 5.0;
				TARGETED_DEVICE_FAMILY = "1,2";
				TEST_HOST = "$(BUILT_PRODUCTS_DIR)/MostPopularNews.app/MostPopularNews";
			};
			name = Debug;
		};
		387F418624774B8B00A8AA94 /* Release */ = {
			isa = XCBuildConfiguration;
			buildSettings = {
				ALWAYS_EMBED_SWIFT_STANDARD_LIBRARIES = YES;
				BUNDLE_LOADER = "$(TEST_HOST)";
				CODE_SIGN_STYLE = Automatic;
				INFOPLIST_FILE = MostPopularNewsTests/Info.plist;
				IPHONEOS_DEPLOYMENT_TARGET = 13.4;
				LD_RUNPATH_SEARCH_PATHS = (
					"$(inherited)",
					"@executable_path/Frameworks",
					"@loader_path/Frameworks",
				);
				PRODUCT_BUNDLE_IDENTIFIER = DoneIT.com.MostPopularNewsTests;
				PRODUCT_NAME = "$(TARGET_NAME)";
				SWIFT_VERSION = 5.0;
				TARGETED_DEVICE_FAMILY = "1,2";
				TEST_HOST = "$(BUILT_PRODUCTS_DIR)/MostPopularNews.app/MostPopularNews";
			};
			name = Release;
		};
		387F418824774B8B00A8AA94 /* Debug */ = {
			isa = XCBuildConfiguration;
			buildSettings = {
				ALWAYS_EMBED_SWIFT_STANDARD_LIBRARIES = YES;
				CODE_SIGN_STYLE = Automatic;
				INFOPLIST_FILE = MostPopularNewsUITests/Info.plist;
				LD_RUNPATH_SEARCH_PATHS = (
					"$(inherited)",
					"@executable_path/Frameworks",
					"@loader_path/Frameworks",
				);
				PRODUCT_BUNDLE_IDENTIFIER = DoneIT.com.MostPopularNewsUITests;
				PRODUCT_NAME = "$(TARGET_NAME)";
				SWIFT_VERSION = 5.0;
				TARGETED_DEVICE_FAMILY = "1,2";
				TEST_TARGET_NAME = MostPopularNews;
			};
			name = Debug;
		};
		387F418924774B8B00A8AA94 /* Release */ = {
			isa = XCBuildConfiguration;
			buildSettings = {
				ALWAYS_EMBED_SWIFT_STANDARD_LIBRARIES = YES;
				CODE_SIGN_STYLE = Automatic;
				INFOPLIST_FILE = MostPopularNewsUITests/Info.plist;
				LD_RUNPATH_SEARCH_PATHS = (
					"$(inherited)",
					"@executable_path/Frameworks",
					"@loader_path/Frameworks",
				);
				PRODUCT_BUNDLE_IDENTIFIER = DoneIT.com.MostPopularNewsUITests;
				PRODUCT_NAME = "$(TARGET_NAME)";
				SWIFT_VERSION = 5.0;
				TARGETED_DEVICE_FAMILY = "1,2";
				TEST_TARGET_NAME = MostPopularNews;
			};
			name = Release;
		};
/* End XCBuildConfiguration section */

/* Begin XCConfigurationList section */
		387F415224774B4000A8AA94 /* Build configuration list for PBXProject "MostPopularNews" */ = {
			isa = XCConfigurationList;
			buildConfigurations = (
				387F417F24774B8B00A8AA94 /* Debug */,
				387F418024774B8B00A8AA94 /* Release */,
			);
			defaultConfigurationIsVisible = 0;
			defaultConfigurationName = Release;
		};
		387F418124774B8B00A8AA94 /* Build configuration list for PBXNativeTarget "MostPopularNews" */ = {
			isa = XCConfigurationList;
			buildConfigurations = (
				387F418224774B8B00A8AA94 /* Debug */,
				387F418324774B8B00A8AA94 /* Release */,
			);
			defaultConfigurationIsVisible = 0;
			defaultConfigurationName = Release;
		};
		387F418424774B8B00A8AA94 /* Build configuration list for PBXNativeTarget "MostPopularNewsTests" */ = {
			isa = XCConfigurationList;
			buildConfigurations = (
				387F418524774B8B00A8AA94 /* Debug */,
				387F418624774B8B00A8AA94 /* Release */,
			);
			defaultConfigurationIsVisible = 0;
			defaultConfigurationName = Release;
		};
		387F418724774B8B00A8AA94 /* Build configuration list for PBXNativeTarget "MostPopularNewsUITests" */ = {
			isa = XCConfigurationList;
			buildConfigurations = (
				387F418824774B8B00A8AA94 /* Debug */,
				387F418924774B8B00A8AA94 /* Release */,
			);
			defaultConfigurationIsVisible = 0;
			defaultConfigurationName = Release;
		};
/* End XCConfigurationList section */
	};
	rootObject = 387F414F24774B4000A8AA94 /* Project object */;
}
